
Microsoft Visual Studio Solution File, Format Version 12.00
# Visual Studio Version 16
VisualStudioVersion = 16.0.30717.126
MinimumVisualStudioVersion = 10.0.40219.1
Project("{FAE04EC0-301F-11D3-BF4B-00C04F79EFBC}") = "SalesTaxesWeb", "SalesTaxesWeb\SalesTaxesWeb.csproj", "{B4B04C6D-32A9-4BBB-BC7A-A34C57591CAA}"
EndProject
Global
	GlobalSection(SolutionConfigurationPlatforms) = preSolution
		Debug|Any CPU = Debug|Any CPU
		Release|Any CPU = Release|Any CPU
	EndGlobalSection
	GlobalSection(ProjectConfigurationPlatforms) = postSolution
		{B4B04C6D-32A9-4BBB-BC7A-A34C57591CAA}.Debug|Any CPU.ActiveCfg = Debug|Any CPU
		{B4B04C6D-32A9-4BBB-BC7A-A34C57591CAA}.Debug|Any CPU.Build.0 = Debug|Any CPU
		{B4B04C6D-32A9-4BBB-BC7A-A34C57591CAA}.Release|Any CPU.ActiveCfg = Release|Any CPU
		{B4B04C6D-32A9-4BBB-BC7A-A34C57591CAA}.Release|Any CPU.Build.0 = Release|Any CPU
	EndGlobalSection
	GlobalSection(SolutionProperties) = preSolution
		HideSolutionNode = FALSE
	EndGlobalSection
	GlobalSection(ExtensibilityGlobals) = postSolution
		SolutionGuid = {3087606D-8EE1-4AA1-8FCA-7CA643CE27A9}
	EndGlobalSection
EndGlobal
